
Microsoft Visual Studio Solution File, Format Version 12.00
# Visual Studio Version 17
VisualStudioVersion = 17.0.31903.59
MinimumVisualStudioVersion = 10.0.40219.1
Project("{FAE04EC0-301F-11D3-BF4B-00C04F79EFBC}") = "UserService", "src\UserService\UserService.csproj", "{781EFB09-CFB4-41D8-A49B-6413B572311C}"
EndProject
Project("{FAE04EC0-301F-11D3-BF4B-00C04F79EFBC}") = "ProductService", "src\ProductService\ProductService.csproj", "{825785AE-D05B-4274-A4F4-87D42E37FA86}"
EndProject
Project("{FAE04EC0-301F-11D3-BF4B-00C04F79EFBC}") = "PaymentService", "src\PaymentService\PaymentService.csproj", "{8683B5C0-A444-4061-B224-69C3769E0BEB}"
EndProject
Project("{FAE04EC0-301F-11D3-BF4B-00C04F79EFBC}") = "OrderService", "src\OrderService\OrderService.csproj", "{F8EDE13E-3B9B-4C47-B2FE-CDD0ED1DFF78}"
EndProject
Project("{2150E333-8FDC-42A3-9474-1A3956D46DE8}") = "src", "src", "{4A70CA82-6A24-4372-B6CB-7884876B7BF0}"
EndProject
Project("{FAE04EC0-301F-11D3-BF4B-00C04F79EFBC}") = "ApiGateway", "src\ApiGateway\ApiGateway.csproj", "{8DC5E66A-EBB7-4543-805B-0D7D40A49129}"
EndProject
Global
	GlobalSection(SolutionConfigurationPlatforms) = preSolution
		Debug|Any CPU = Debug|Any CPU
		Release|Any CPU = Release|Any CPU
	EndGlobalSection
	GlobalSection(SolutionProperties) = preSolution
		HideSolutionNode = FALSE
	EndGlobalSection
	GlobalSection(ProjectConfigurationPlatforms) = postSolution
		{781EFB09-CFB4-41D8-A49B-6413B572311C}.Debug|Any CPU.ActiveCfg = Debug|Any CPU
		{781EFB09-CFB4-41D8-A49B-6413B572311C}.Debug|Any CPU.Build.0 = Debug|Any CPU
		{781EFB09-CFB4-41D8-A49B-6413B572311C}.Release|Any CPU.ActiveCfg = Release|Any CPU
		{781EFB09-CFB4-41D8-A49B-6413B572311C}.Release|Any CPU.Build.0 = Release|Any CPU
		{825785AE-D05B-4274-A4F4-87D42E37FA86}.Debug|Any CPU.ActiveCfg = Debug|Any CPU
		{825785AE-D05B-4274-A4F4-87D42E37FA86}.Debug|Any CPU.Build.0 = Debug|Any CPU
		{825785AE-D05B-4274-A4F4-87D42E37FA86}.Release|Any CPU.ActiveCfg = Release|Any CPU
		{825785AE-D05B-4274-A4F4-87D42E37FA86}.Release|Any CPU.Build.0 = Release|Any CPU
		{8683B5C0-A444-4061-B224-69C3769E0BEB}.Debug|Any CPU.ActiveCfg = Debug|Any CPU
		{8683B5C0-A444-4061-B224-69C3769E0BEB}.Debug|Any CPU.Build.0 = Debug|Any CPU
		{8683B5C0-A444-4061-B224-69C3769E0BEB}.Release|Any CPU.ActiveCfg = Release|Any CPU
		{8683B5C0-A444-4061-B224-69C3769E0BEB}.Release|Any CPU.Build.0 = Release|Any CPU
		{F8EDE13E-3B9B-4C47-B2FE-CDD0ED1DFF78}.Debug|Any CPU.ActiveCfg = Debug|Any CPU
		{F8EDE13E-3B9B-4C47-B2FE-CDD0ED1DFF78}.Debug|Any CPU.Build.0 = Debug|Any CPU
		{F8EDE13E-3B9B-4C47-B2FE-CDD0ED1DFF78}.Release|Any CPU.ActiveCfg = Release|Any CPU
		{F8EDE13E-3B9B-4C47-B2FE-CDD0ED1DFF78}.Release|Any CPU.Build.0 = Release|Any CPU
		{8DC5E66A-EBB7-4543-805B-0D7D40A49129}.Debug|Any CPU.ActiveCfg = Debug|Any CPU
		{8DC5E66A-EBB7-4543-805B-0D7D40A49129}.Debug|Any CPU.Build.0 = Debug|Any CPU
		{8DC5E66A-EBB7-4543-805B-0D7D40A49129}.Release|Any CPU.ActiveCfg = Release|Any CPU
		{8DC5E66A-EBB7-4543-805B-0D7D40A49129}.Release|Any CPU.Build.0 = Release|Any CPU
	EndGlobalSection
	GlobalSection(NestedProjects) = preSolution
		{8DC5E66A-EBB7-4543-805B-0D7D40A49129} = {4A70CA82-6A24-4372-B6CB-7884876B7BF0}
	EndGlobalSection
EndGlobal
